
Microsoft Visual Studio Solution File, Format Version 12.00
# Visual Studio Version 17
VisualStudioVersion = 17.4.33205.214
MinimumVisualStudioVersion = 10.0.40219.1
Project("{FAE04EC0-301F-11D3-BF4B-00C04F79EFBC}") = "HotelListing.API", "HotelListing.API\HotelListing.API.csproj", "{6954E87A-ACCF-4C3F-BE2F-761BC5AFE2B5}"
EndProject
Global
	GlobalSection(SolutionConfigurationPlatforms) = preSolution
		Debug|Any CPU = Debug|Any CPU
		Release|Any CPU = Release|Any CPU
	EndGlobalSection
	GlobalSection(ProjectConfigurationPlatforms) = postSolution
		{6954E87A-ACCF-4C3F-BE2F-761BC5AFE2B5}.Debug|Any CPU.ActiveCfg = Debug|Any CPU
		{6954E87A-ACCF-4C3F-BE2F-761BC5AFE2B5}.Debug|Any CPU.Build.0 = Debug|Any CPU
		{6954E87A-ACCF-4C3F-BE2F-761BC5AFE2B5}.Release|Any CPU.ActiveCfg = Release|Any CPU
		{6954E87A-ACCF-4C3F-BE2F-761BC5AFE2B5}.Release|Any CPU.Build.0 = Release|Any CPU
	EndGlobalSection
	GlobalSection(SolutionProperties) = preSolution
		HideSolutionNode = FALSE
	EndGlobalSection
	GlobalSection(ExtensibilityGlobals) = postSolution
		SolutionGuid = {AA64F4A9-BCDC-463A-BBD7-9CDEA0035BE3}
	EndGlobalSection
EndGlobal
